
Microsoft Visual Studio Solution File, Format Version 12.00
# Visual Studio 15
VisualStudioVersion = 15.0.28307.1000
MinimumVisualStudioVersion = 10.0.40219.1
Project("{159641D6-6404-4A2A-AE62-294DE0FE8301}") = "hurtownia", "hurtownia\hurtownia.dtproj", "{EC1AD60E-6E56-418C-9EFF-1EED61FB57D5}"
EndProject
Global
	GlobalSection(SolutionConfigurationPlatforms) = preSolution
		Development|Default = Development|Default
	EndGlobalSection
	GlobalSection(ProjectConfigurationPlatforms) = postSolution
		{EC1AD60E-6E56-418C-9EFF-1EED61FB57D5}.Development|Default.ActiveCfg = Development
		{EC1AD60E-6E56-418C-9EFF-1EED61FB57D5}.Development|Default.Build.0 = Development
	EndGlobalSection
	GlobalSection(SolutionProperties) = preSolution
		HideSolutionNode = FALSE
	EndGlobalSection
	GlobalSection(ExtensibilityGlobals) = postSolution
		SolutionGuid = {DE4A28FC-3841-4551-9892-D4A36AF3FC0E}
	EndGlobalSection
EndGlobal
